
Microsoft Visual Studio Solution File, Format Version 12.00
# Visual Studio Version 16
VisualStudioVersion = 16.0.31729.503
MinimumVisualStudioVersion = 10.0.40219.1
Project("{2150E333-8FDC-42A3-9474-1A3956D46DE8}") = "Creational", "Creational", "{5F467164-9380-4B68-8FB0-45A715188AB7}"
EndProject
Project("{2150E333-8FDC-42A3-9474-1A3956D46DE8}") = "Structural", "Structural", "{4797EA62-5D57-4BE3-AFD7-D0A5F8CA905C}"
EndProject
Project("{2150E333-8FDC-42A3-9474-1A3956D46DE8}") = "Behavioral", "Behavioral", "{FB7AA5EA-4D56-44DE-8B86-45EF85836FC5}"
EndProject
Project("{FAE04EC0-301F-11D3-BF4B-00C04F79EFBC}") = "FactoryMethod", "FactoryMethod\FactoryMethod.csproj", "{6F2151E8-2088-475E-96C4-B3E0ED2FB71C}"
EndProject
Project("{FAE04EC0-301F-11D3-BF4B-00C04F79EFBC}") = "Builder", "Builder\Builder.csproj", "{FC8CD389-E3F5-448F-858C-85FC0336CB26}"
EndProject
Project("{FAE04EC0-301F-11D3-BF4B-00C04F79EFBC}") = "AbstractFactory", "AbstractFactory\AbstractFactory.csproj", "{9A1729E9-4C77-4E0D-8041-2B77D4B2B23D}"
EndProject
Project("{FAE04EC0-301F-11D3-BF4B-00C04F79EFBC}") = "Prototype", "Prototype\Prototype.csproj", "{FBA9E3F1-5E9E-4495-BBC9-50FCAB466EA8}"
EndProject
Project("{FAE04EC0-301F-11D3-BF4B-00C04F79EFBC}") = "Singleton", "Singleton\Singleton.csproj", "{B3115EFA-4748-4B66-A60A-23FB01EC509D}"
EndProject
Project("{FAE04EC0-301F-11D3-BF4B-00C04F79EFBC}") = "Adapter", "Adapter\Adapter.csproj", "{4B25C26C-C072-45BC-9DD6-1B1184BD131B}"
EndProject
Project("{FAE04EC0-301F-11D3-BF4B-00C04F79EFBC}") = "Bridge", "Bridge\Bridge.csproj", "{3B3F10D0-63E6-438A-9F96-6C80AE3EED82}"
EndProject
Project("{FAE04EC0-301F-11D3-BF4B-00C04F79EFBC}") = "Composite", "Composite\Composite.csproj", "{1BCCF868-59B4-4D22-9384-D00210AC3DE0}"
EndProject
Project("{FAE04EC0-301F-11D3-BF4B-00C04F79EFBC}") = "Decorator", "Decorator\Decorator.csproj", "{32C1DB6D-015C-4E98-A0E7-E5A74F67FEA8}"
EndProject
Project("{FAE04EC0-301F-11D3-BF4B-00C04F79EFBC}") = "Facade", "Facade\Facade.csproj", "{104F05D4-A61C-4D9D-BA91-1478721887DA}"
EndProject
Project("{FAE04EC0-301F-11D3-BF4B-00C04F79EFBC}") = "Flyweight", "Flyweight\Flyweight.csproj", "{9637752B-4A00-4E40-84B8-6C79A21B8976}"
EndProject
Project("{FAE04EC0-301F-11D3-BF4B-00C04F79EFBC}") = "Proxy", "Proxy\Proxy.csproj", "{E6AC4FA1-DD11-4F31-8014-9CE798855523}"
EndProject
Project("{FAE04EC0-301F-11D3-BF4B-00C04F79EFBC}") = "ChainOfResponsibility", "ChainOfResponsibility\ChainOfResponsibility.csproj", "{43AA86A4-14F4-44E6-B7FA-2B0E478DB6DE}"
EndProject
Project("{FAE04EC0-301F-11D3-BF4B-00C04F79EFBC}") = "Command", "Command\Command.csproj", "{BA27E747-AB1D-4346-B61B-C15B8C936A5A}"
EndProject
Project("{FAE04EC0-301F-11D3-BF4B-00C04F79EFBC}") = "Iterator", "Iterator\Iterator.csproj", "{A3FC1CCE-562F-4982-A872-8F2FB4A7054B}"
EndProject
Project("{FAE04EC0-301F-11D3-BF4B-00C04F79EFBC}") = "Mediator", "Mediator\Mediator.csproj", "{62328476-EC7F-454B-A732-F06546A7BE41}"
EndProject
Project("{FAE04EC0-301F-11D3-BF4B-00C04F79EFBC}") = "Memento", "Memento\Memento.csproj", "{2510384D-661A-4FDC-AEFA-3C5E1F01CE1C}"
EndProject
Project("{FAE04EC0-301F-11D3-BF4B-00C04F79EFBC}") = "Observer", "Observer\Observer.csproj", "{E1653C57-D559-4B68-9831-1686B2CA6B41}"
EndProject
Project("{FAE04EC0-301F-11D3-BF4B-00C04F79EFBC}") = "State", "State\State.csproj", "{B02A7E34-A9A2-4F86-853E-76D77E9E2E48}"
EndProject
Project("{FAE04EC0-301F-11D3-BF4B-00C04F79EFBC}") = "Strategy", "Strategy\Strategy.csproj", "{692A84C9-F116-4DBF-A055-0023CD595109}"
EndProject
Project("{FAE04EC0-301F-11D3-BF4B-00C04F79EFBC}") = "TemplateMethod", "TemplateMethod\TemplateMethod.csproj", "{F22961AE-B328-4FA5-8BEC-41E058ED22C0}"
EndProject
Project("{FAE04EC0-301F-11D3-BF4B-00C04F79EFBC}") = "Visitor", "Visitor\Visitor.csproj", "{79D548BD-A181-4DD6-95BA-C413C0E8474A}"
EndProject
Global
	GlobalSection(SolutionConfigurationPlatforms) = preSolution
		Debug|Any CPU = Debug|Any CPU
		Release|Any CPU = Release|Any CPU
	EndGlobalSection
	GlobalSection(ProjectConfigurationPlatforms) = postSolution
		{6F2151E8-2088-475E-96C4-B3E0ED2FB71C}.Debug|Any CPU.ActiveCfg = Debug|Any CPU
		{6F2151E8-2088-475E-96C4-B3E0ED2FB71C}.Debug|Any CPU.Build.0 = Debug|Any CPU
		{6F2151E8-2088-475E-96C4-B3E0ED2FB71C}.Release|Any CPU.ActiveCfg = Release|Any CPU
		{6F2151E8-2088-475E-96C4-B3E0ED2FB71C}.Release|Any CPU.Build.0 = Release|Any CPU
		{FC8CD389-E3F5-448F-858C-85FC0336CB26}.Debug|Any CPU.ActiveCfg = Debug|Any CPU
		{FC8CD389-E3F5-448F-858C-85FC0336CB26}.Debug|Any CPU.Build.0 = Debug|Any CPU
		{FC8CD389-E3F5-448F-858C-85FC0336CB26}.Release|Any CPU.ActiveCfg = Release|Any CPU
		{FC8CD389-E3F5-448F-858C-85FC0336CB26}.Release|Any CPU.Build.0 = Release|Any CPU
		{9A1729E9-4C77-4E0D-8041-2B77D4B2B23D}.Debug|Any CPU.ActiveCfg = Debug|Any CPU
		{9A1729E9-4C77-4E0D-8041-2B77D4B2B23D}.Debug|Any CPU.Build.0 = Debug|Any CPU
		{9A1729E9-4C77-4E0D-8041-2B77D4B2B23D}.Release|Any CPU.ActiveCfg = Release|Any CPU
		{9A1729E9-4C77-4E0D-8041-2B77D4B2B23D}.Release|Any CPU.Build.0 = Release|Any CPU
		{FBA9E3F1-5E9E-4495-BBC9-50FCAB466EA8}.Debug|Any CPU.ActiveCfg = Debug|Any CPU
		{FBA9E3F1-5E9E-4495-BBC9-50FCAB466EA8}.Debug|Any CPU.Build.0 = Debug|Any CPU
		{FBA9E3F1-5E9E-4495-BBC9-50FCAB466EA8}.Release|Any CPU.ActiveCfg = Release|Any CPU
		{FBA9E3F1-5E9E-4495-BBC9-50FCAB466EA8}.Release|Any CPU.Build.0 = Release|Any CPU
		{B3115EFA-4748-4B66-A60A-23FB01EC509D}.Debug|Any CPU.ActiveCfg = Debug|Any CPU
		{B3115EFA-4748-4B66-A60A-23FB01EC509D}.Debug|Any CPU.Build.0 = Debug|Any CPU
		{B3115EFA-4748-4B66-A60A-23FB01EC509D}.Release|Any CPU.ActiveCfg = Release|Any CPU
		{B3115EFA-4748-4B66-A60A-23FB01EC509D}.Release|Any CPU.Build.0 = Release|Any CPU
		{4B25C26C-C072-45BC-9DD6-1B1184BD131B}.Debug|Any CPU.ActiveCfg = Debug|Any CPU
		{4B25C26C-C072-45BC-9DD6-1B1184BD131B}.Debug|Any CPU.Build.0 = Debug|Any CPU
		{4B25C26C-C072-45BC-9DD6-1B1184BD131B}.Release|Any CPU.ActiveCfg = Release|Any CPU
		{4B25C26C-C072-45BC-9DD6-1B1184BD131B}.Release|Any CPU.Build.0 = Release|Any CPU
		{3B3F10D0-63E6-438A-9F96-6C80AE3EED82}.Debug|Any CPU.ActiveCfg = Debug|Any CPU
		{3B3F10D0-63E6-438A-9F96-6C80AE3EED82}.Debug|Any CPU.Build.0 = Debug|Any CPU
		{3B3F10D0-63E6-438A-9F96-6C80AE3EED82}.Release|Any CPU.ActiveCfg = Release|Any CPU
		{3B3F10D0-63E6-438A-9F96-6C80AE3EED82}.Release|Any CPU.Build.0 = Release|Any CPU
		{1BCCF868-59B4-4D22-9384-D00210AC3DE0}.Debug|Any CPU.ActiveCfg = Debug|Any CPU
		{1BCCF868-59B4-4D22-9384-D00210AC3DE0}.Debug|Any CPU.Build.0 = Debug|Any CPU
		{1BCCF868-59B4-4D22-9384-D00210AC3DE0}.Release|Any CPU.ActiveCfg = Release|Any CPU
		{1BCCF868-59B4-4D22-9384-D00210AC3DE0}.Release|Any CPU.Build.0 = Release|Any CPU
		{32C1DB6D-015C-4E98-A0E7-E5A74F67FEA8}.Debug|Any CPU.ActiveCfg = Debug|Any CPU
		{32C1DB6D-015C-4E98-A0E7-E5A74F67FEA8}.Debug|Any CPU.Build.0 = Debug|Any CPU
		{32C1DB6D-015C-4E98-A0E7-E5A74F67FEA8}.Release|Any CPU.ActiveCfg = Release|Any CPU
		{32C1DB6D-015C-4E98-A0E7-E5A74F67FEA8}.Release|Any CPU.Build.0 = Release|Any CPU
		{104F05D4-A61C-4D9D-BA91-1478721887DA}.Debug|Any CPU.ActiveCfg = Debug|Any CPU
		{104F05D4-A61C-4D9D-BA91-1478721887DA}.Debug|Any CPU.Build.0 = Debug|Any CPU
		{104F05D4-A61C-4D9D-BA91-1478721887DA}.Release|Any CPU.ActiveCfg = Release|Any CPU
		{104F05D4-A61C-4D9D-BA91-1478721887DA}.Release|Any CPU.Build.0 = Release|Any CPU
		{9637752B-4A00-4E40-84B8-6C79A21B8976}.Debug|Any CPU.ActiveCfg = Debug|Any CPU
		{9637752B-4A00-4E40-84B8-6C79A21B8976}.Debug|Any CPU.Build.0 = Debug|Any CPU
		{9637752B-4A00-4E40-84B8-6C79A21B8976}.Release|Any CPU.ActiveCfg = Release|Any CPU
		{9637752B-4A00-4E40-84B8-6C79A21B8976}.Release|Any CPU.Build.0 = Release|Any CPU
		{E6AC4FA1-DD11-4F31-8014-9CE798855523}.Debug|Any CPU.ActiveCfg = Debug|Any CPU
		{E6AC4FA1-DD11-4F31-8014-9CE798855523}.Debug|Any CPU.Build.0 = Debug|Any CPU
		{E6AC4FA1-DD11-4F31-8014-9CE798855523}.Release|Any CPU.ActiveCfg = Release|Any CPU
		{E6AC4FA1-DD11-4F31-8014-9CE798855523}.Release|Any CPU.Build.0 = Release|Any CPU
		{43AA86A4-14F4-44E6-B7FA-2B0E478DB6DE}.Debug|Any CPU.ActiveCfg = Debug|Any CPU
		{43AA86A4-14F4-44E6-B7FA-2B0E478DB6DE}.Debug|Any CPU.Build.0 = Debug|Any CPU
		{43AA86A4-14F4-44E6-B7FA-2B0E478DB6DE}.Release|Any CPU.ActiveCfg = Release|Any CPU
		{43AA86A4-14F4-44E6-B7FA-2B0E478DB6DE}.Release|Any CPU.Build.0 = Release|Any CPU
		{BA27E747-AB1D-4346-B61B-C15B8C936A5A}.Debug|Any CPU.ActiveCfg = Debug|Any CPU
		{BA27E747-AB1D-4346-B61B-C15B8C936A5A}.Debug|Any CPU.Build.0 = Debug|Any CPU
		{BA27E747-AB1D-4346-B61B-C15B8C936A5A}.Release|Any CPU.ActiveCfg = Release|Any CPU
		{BA27E747-AB1D-4346-B61B-C15B8C936A5A}.Release|Any CPU.Build.0 = Release|Any CPU
		{A3FC1CCE-562F-4982-A872-8F2FB4A7054B}.Debug|Any CPU.ActiveCfg = Debug|Any CPU
		{A3FC1CCE-562F-4982-A872-8F2FB4A7054B}.Debug|Any CPU.Build.0 = Debug|Any CPU
		{A3FC1CCE-562F-4982-A872-8F2FB4A7054B}.Release|Any CPU.ActiveCfg = Release|Any CPU
		{A3FC1CCE-562F-4982-A872-8F2FB4A7054B}.Release|Any CPU.Build.0 = Release|Any CPU
		{62328476-EC7F-454B-A732-F06546A7BE41}.Debug|Any CPU.ActiveCfg = Debug|Any CPU
		{62328476-EC7F-454B-A732-F06546A7BE41}.Debug|Any CPU.Build.0 = Debug|Any CPU
		{62328476-EC7F-454B-A732-F06546A7BE41}.Release|Any CPU.ActiveCfg = Release|Any CPU
		{62328476-EC7F-454B-A732-F06546A7BE41}.Release|Any CPU.Build.0 = Release|Any CPU
		{2510384D-661A-4FDC-AEFA-3C5E1F01CE1C}.Debug|Any CPU.ActiveCfg = Debug|Any CPU
		{2510384D-661A-4FDC-AEFA-3C5E1F01CE1C}.Debug|Any CPU.Build.0 = Debug|Any CPU
		{2510384D-661A-4FDC-AEFA-3C5E1F01CE1C}.Release|Any CPU.ActiveCfg = Release|Any CPU
		{2510384D-661A-4FDC-AEFA-3C5E1F01CE1C}.Release|Any CPU.Build.0 = Release|Any CPU
		{E1653C57-D559-4B68-9831-1686B2CA6B41}.Debug|Any CPU.ActiveCfg = Debug|Any CPU
		{E1653C57-D559-4B68-9831-1686B2CA6B41}.Debug|Any CPU.Build.0 = Debug|Any CPU
		{E1653C57-D559-4B68-9831-1686B2CA6B41}.Release|Any CPU.ActiveCfg = Release|Any CPU
		{E1653C57-D559-4B68-9831-1686B2CA6B41}.Release|Any CPU.Build.0 = Release|Any CPU
		{B02A7E34-A9A2-4F86-853E-76D77E9E2E48}.Debug|Any CPU.ActiveCfg = Debug|Any CPU
		{B02A7E34-A9A2-4F86-853E-76D77E9E2E48}.Debug|Any CPU.Build.0 = Debug|Any CPU
		{B02A7E34-A9A2-4F86-853E-76D77E9E2E48}.Release|Any CPU.ActiveCfg = Release|Any CPU
		{B02A7E34-A9A2-4F86-853E-76D77E9E2E48}.Release|Any CPU.Build.0 = Release|Any CPU
		{692A84C9-F116-4DBF-A055-0023CD595109}.Debug|Any CPU.ActiveCfg = Debug|Any CPU
		{692A84C9-F116-4DBF-A055-0023CD595109}.Debug|Any CPU.Build.0 = Debug|Any CPU
		{692A84C9-F116-4DBF-A055-0023CD595109}.Release|Any CPU.ActiveCfg = Release|Any CPU
		{692A84C9-F116-4DBF-A055-0023CD595109}.Release|Any CPU.Build.0 = Release|Any CPU
		{F22961AE-B328-4FA5-8BEC-41E058ED22C0}.Debug|Any CPU.ActiveCfg = Debug|Any CPU
		{F22961AE-B328-4FA5-8BEC-41E058ED22C0}.Debug|Any CPU.Build.0 = Debug|Any CPU
		{F22961AE-B328-4FA5-8BEC-41E058ED22C0}.Release|Any CPU.ActiveCfg = Release|Any CPU
		{F22961AE-B328-4FA5-8BEC-41E058ED22C0}.Release|Any CPU.Build.0 = Release|Any CPU
		{79D548BD-A181-4DD6-95BA-C413C0E8474A}.Debug|Any CPU.ActiveCfg = Debug|Any CPU
		{79D548BD-A181-4DD6-95BA-C413C0E8474A}.Debug|Any CPU.Build.0 = Debug|Any CPU
		{79D548BD-A181-4DD6-95BA-C413C0E8474A}.Release|Any CPU.ActiveCfg = Release|Any CPU
		{79D548BD-A181-4DD6-95BA-C413C0E8474A}.Release|Any CPU.Build.0 = Release|Any CPU
	EndGlobalSection
	GlobalSection(SolutionProperties) = preSolution
		HideSolutionNode = FALSE
	EndGlobalSection
	GlobalSection(NestedProjects) = preSolution
		{6F2151E8-2088-475E-96C4-B3E0ED2FB71C} = {5F467164-9380-4B68-8FB0-45A715188AB7}
		{FC8CD389-E3F5-448F-858C-85FC0336CB26} = {5F467164-9380-4B68-8FB0-45A715188AB7}
		{9A1729E9-4C77-4E0D-8041-2B77D4B2B23D} = {5F467164-9380-4B68-8FB0-45A715188AB7}
		{FBA9E3F1-5E9E-4495-BBC9-50FCAB466EA8} = {5F467164-9380-4B68-8FB0-45A715188AB7}
		{B3115EFA-4748-4B66-A60A-23FB01EC509D} = {5F467164-9380-4B68-8FB0-45A715188AB7}
		{4B25C26C-C072-45BC-9DD6-1B1184BD131B} = {4797EA62-5D57-4BE3-AFD7-D0A5F8CA905C}
		{3B3F10D0-63E6-438A-9F96-6C80AE3EED82} = {4797EA62-5D57-4BE3-AFD7-D0A5F8CA905C}
		{1BCCF868-59B4-4D22-9384-D00210AC3DE0} = {4797EA62-5D57-4BE3-AFD7-D0A5F8CA905C}
		{32C1DB6D-015C-4E98-A0E7-E5A74F67FEA8} = {4797EA62-5D57-4BE3-AFD7-D0A5F8CA905C}
		{104F05D4-A61C-4D9D-BA91-1478721887DA} = {4797EA62-5D57-4BE3-AFD7-D0A5F8CA905C}
		{9637752B-4A00-4E40-84B8-6C79A21B8976} = {4797EA62-5D57-4BE3-AFD7-D0A5F8CA905C}
		{E6AC4FA1-DD11-4F31-8014-9CE798855523} = {4797EA62-5D57-4BE3-AFD7-D0A5F8CA905C}
		{43AA86A4-14F4-44E6-B7FA-2B0E478DB6DE} = {FB7AA5EA-4D56-44DE-8B86-45EF85836FC5}
		{BA27E747-AB1D-4346-B61B-C15B8C936A5A} = {FB7AA5EA-4D56-44DE-8B86-45EF85836FC5}
		{A3FC1CCE-562F-4982-A872-8F2FB4A7054B} = {FB7AA5EA-4D56-44DE-8B86-45EF85836FC5}
		{62328476-EC7F-454B-A732-F06546A7BE41} = {FB7AA5EA-4D56-44DE-8B86-45EF85836FC5}
		{2510384D-661A-4FDC-AEFA-3C5E1F01CE1C} = {FB7AA5EA-4D56-44DE-8B86-45EF85836FC5}
		{E1653C57-D559-4B68-9831-1686B2CA6B41} = {FB7AA5EA-4D56-44DE-8B86-45EF85836FC5}
		{B02A7E34-A9A2-4F86-853E-76D77E9E2E48} = {FB7AA5EA-4D56-44DE-8B86-45EF85836FC5}
		{692A84C9-F116-4DBF-A055-0023CD595109} = {FB7AA5EA-4D56-44DE-8B86-45EF85836FC5}
		{F22961AE-B328-4FA5-8BEC-41E058ED22C0} = {FB7AA5EA-4D56-44DE-8B86-45EF85836FC5}
		{79D548BD-A181-4DD6-95BA-C413C0E8474A} = {FB7AA5EA-4D56-44DE-8B86-45EF85836FC5}
	EndGlobalSection
	GlobalSection(ExtensibilityGlobals) = postSolution
		SolutionGuid = {37FACEDD-C76E-4DD3-938E-3AD5BB238F50}
	EndGlobalSection
EndGlobal
